
Microsoft Visual Studio Solution File, Format Version 12.00
# Visual Studio Version 17
VisualStudioVersion = 17.11.35312.102
MinimumVisualStudioVersion = 10.0.40219.1
Project("{FAE04EC0-301F-11D3-BF4B-00C04F79EFBC}") = "TreeViewDemo", "TreeViewDemo\TreeViewDemo.csproj", "{11D6D6D3-D4DE-4BBD-90DF-45E0A1A604F0}"
EndProject
Global
	GlobalSection(SolutionConfigurationPlatforms) = preSolution
		Debug|Any CPU = Debug|Any CPU
		Release|Any CPU = Release|Any CPU
	EndGlobalSection
	GlobalSection(ProjectConfigurationPlatforms) = postSolution
		{11D6D6D3-D4DE-4BBD-90DF-45E0A1A604F0}.Debug|Any CPU.ActiveCfg = Debug|Any CPU
		{11D6D6D3-D4DE-4BBD-90DF-45E0A1A604F0}.Debug|Any CPU.Build.0 = Debug|Any CPU
		{11D6D6D3-D4DE-4BBD-90DF-45E0A1A604F0}.Release|Any CPU.ActiveCfg = Release|Any CPU
		{11D6D6D3-D4DE-4BBD-90DF-45E0A1A604F0}.Release|Any CPU.Build.0 = Release|Any CPU
	EndGlobalSection
	GlobalSection(SolutionProperties) = preSolution
		HideSolutionNode = FALSE
	EndGlobalSection
	GlobalSection(ExtensibilityGlobals) = postSolution
		SolutionGuid = {8CA98A4B-13D4-48D3-BD21-E4C050B0E168}
	EndGlobalSection
EndGlobal
